
Microsoft Visual Studio Solution File, Format Version 12.00
# Visual Studio Version 16
VisualStudioVersion = 16.0.30611.23
MinimumVisualStudioVersion = 10.0.40219.1
Project("{8BC9CEB8-8B4A-11D0-8D11-00A0C91BC942}") = "hackerrank", "hackerrank\hackerrank.vcxproj", "{A4D59A84-6C60-463E-AFF7-2C6FC128AD58}"
EndProject
Global
	GlobalSection(SolutionConfigurationPlatforms) = preSolution
		Debug|x64 = Debug|x64
		Debug|x86 = Debug|x86
		Release|x64 = Release|x64
		Release|x86 = Release|x86
	EndGlobalSection
	GlobalSection(ProjectConfigurationPlatforms) = postSolution
		{A4D59A84-6C60-463E-AFF7-2C6FC128AD58}.Debug|x64.ActiveCfg = Debug|x64
		{A4D59A84-6C60-463E-AFF7-2C6FC128AD58}.Debug|x64.Build.0 = Debug|x64
		{A4D59A84-6C60-463E-AFF7-2C6FC128AD58}.Debug|x86.ActiveCfg = Debug|Win32
		{A4D59A84-6C60-463E-AFF7-2C6FC128AD58}.Debug|x86.Build.0 = Debug|Win32
		{A4D59A84-6C60-463E-AFF7-2C6FC128AD58}.Release|x64.ActiveCfg = Release|x64
		{A4D59A84-6C60-463E-AFF7-2C6FC128AD58}.Release|x64.Build.0 = Release|x64
		{A4D59A84-6C60-463E-AFF7-2C6FC128AD58}.Release|x86.ActiveCfg = Release|Win32
		{A4D59A84-6C60-463E-AFF7-2C6FC128AD58}.Release|x86.Build.0 = Release|Win32
	EndGlobalSection
	GlobalSection(SolutionProperties) = preSolution
		HideSolutionNode = FALSE
	EndGlobalSection
	GlobalSection(ExtensibilityGlobals) = postSolution
		SolutionGuid = {03EF3418-F002-474E-8252-BB7137CC601E}
	EndGlobalSection
EndGlobal
